
Microsoft Visual Studio Solution File, Format Version 12.00
# Visual Studio Version 16
VisualStudioVersion = 16.0.31321.278
MinimumVisualStudioVersion = 10.0.40219.1
Project("{FAE04EC0-301F-11D3-BF4B-00C04F79EFBC}") = "gmod-audio-converter", "gmod-audio-converter.csproj", "{05C6542D-5683-4BBD-9508-A3E3FA5EC55E}"
EndProject
Global
	GlobalSection(SolutionConfigurationPlatforms) = preSolution
		Debug|Any CPU = Debug|Any CPU
		Release|Any CPU = Release|Any CPU
	EndGlobalSection
	GlobalSection(ProjectConfigurationPlatforms) = postSolution
		{05C6542D-5683-4BBD-9508-A3E3FA5EC55E}.Debug|Any CPU.ActiveCfg = Debug|Any CPU
		{05C6542D-5683-4BBD-9508-A3E3FA5EC55E}.Debug|Any CPU.Build.0 = Debug|Any CPU
		{05C6542D-5683-4BBD-9508-A3E3FA5EC55E}.Release|Any CPU.ActiveCfg = Release|Any CPU
		{05C6542D-5683-4BBD-9508-A3E3FA5EC55E}.Release|Any CPU.Build.0 = Release|Any CPU
	EndGlobalSection
	GlobalSection(SolutionProperties) = preSolution
		HideSolutionNode = FALSE
	EndGlobalSection
	GlobalSection(ExtensibilityGlobals) = postSolution
		SolutionGuid = {401DE505-BA5F-4A26-8761-ACDC68862C10}
	EndGlobalSection
EndGlobal
